
Microsoft Visual Studio Solution File, Format Version 12.00
# Visual Studio Version 17
VisualStudioVersion = 17.8.34525.116
MinimumVisualStudioVersion = 10.0.40219.1
Project("{FAE04EC0-301F-11D3-BF4B-00C04F79EFBC}") = "FizzBuzzProject", "FizzBuzz\FizzBuzzProject.csproj", "{1A8BA366-F780-44A9-8854-226BF3DA888F}"
EndProject
Project("{FAE04EC0-301F-11D3-BF4B-00C04F79EFBC}") = "FizzBuzzTests", "FizzBuzzTests\FizzBuzzTests.csproj", "{9530C0DF-7A1E-473A-9FE5-DA6813F0A1CD}"
EndProject
Global
	GlobalSection(SolutionConfigurationPlatforms) = preSolution
		Debug|Any CPU = Debug|Any CPU
		Release|Any CPU = Release|Any CPU
	EndGlobalSection
	GlobalSection(ProjectConfigurationPlatforms) = postSolution
		{1A8BA366-F780-44A9-8854-226BF3DA888F}.Debug|Any CPU.ActiveCfg = Debug|Any CPU
		{1A8BA366-F780-44A9-8854-226BF3DA888F}.Debug|Any CPU.Build.0 = Debug|Any CPU
		{1A8BA366-F780-44A9-8854-226BF3DA888F}.Release|Any CPU.ActiveCfg = Release|Any CPU
		{1A8BA366-F780-44A9-8854-226BF3DA888F}.Release|Any CPU.Build.0 = Release|Any CPU
		{9530C0DF-7A1E-473A-9FE5-DA6813F0A1CD}.Debug|Any CPU.ActiveCfg = Debug|Any CPU
		{9530C0DF-7A1E-473A-9FE5-DA6813F0A1CD}.Debug|Any CPU.Build.0 = Debug|Any CPU
		{9530C0DF-7A1E-473A-9FE5-DA6813F0A1CD}.Release|Any CPU.ActiveCfg = Release|Any CPU
		{9530C0DF-7A1E-473A-9FE5-DA6813F0A1CD}.Release|Any CPU.Build.0 = Release|Any CPU
	EndGlobalSection
	GlobalSection(SolutionProperties) = preSolution
		HideSolutionNode = FALSE
	EndGlobalSection
	GlobalSection(ExtensibilityGlobals) = postSolution
		SolutionGuid = {4A245157-A905-4549-951F-317B7C90D991}
	EndGlobalSection
EndGlobal
